
Microsoft Visual Studio Solution File, Format Version 12.00
# Visual Studio Version 17
VisualStudioVersion = 17.5.33530.505
MinimumVisualStudioVersion = 10.0.40219.1
Project("{FAE04EC0-301F-11D3-BF4B-00C04F79EFBC}") = "MovieList", "MovieList.csproj", "{A93C3F50-6237-4B3E-9019-8BA0DA7D06A8}"
EndProject
Project("{FAE04EC0-301F-11D3-BF4B-00C04F79EFBC}") = "DataAccessLayer", "..\DataAccessLayer\DataAccessLayer.csproj", "{A3256271-C695-4E68-BF08-B2C99C1E092B}"
EndProject
Project("{FAE04EC0-301F-11D3-BF4B-00C04F79EFBC}") = "BusinessLogicLayer", "..\BusinessLogicLayer\BusinessLogicLayer.csproj", "{620F0964-63DB-4CB6-A32A-1BB8B335ED6C}"
EndProject
Project("{FAE04EC0-301F-11D3-BF4B-00C04F79EFBC}") = "MovieListWebApp", "..\MovieListWebApp\MovieListWebApp.csproj", "{1B78EF33-478D-464A-B86D-123FB345F814}"
EndProject
Project("{FAE04EC0-301F-11D3-BF4B-00C04F79EFBC}") = "MovieListAPI", "..\MovieListAPI\MovieListAPI.csproj", "{EDB3E27C-EFC2-45E8-947C-00BD81367A79}"
EndProject
Project("{FAE04EC0-301F-11D3-BF4B-00C04F79EFBC}") = "WPF_api_test_app", "..\WPF_api_test_app\WPF_api_test_app.csproj", "{EB6B5FAA-50BD-4D06-97F9-63422AE7A4E0}"
EndProject
Global
	GlobalSection(SolutionConfigurationPlatforms) = preSolution
		Debug|Any CPU = Debug|Any CPU
		Release|Any CPU = Release|Any CPU
	EndGlobalSection
	GlobalSection(ProjectConfigurationPlatforms) = postSolution
		{A93C3F50-6237-4B3E-9019-8BA0DA7D06A8}.Debug|Any CPU.ActiveCfg = Debug|Any CPU
		{A93C3F50-6237-4B3E-9019-8BA0DA7D06A8}.Debug|Any CPU.Build.0 = Debug|Any CPU
		{A93C3F50-6237-4B3E-9019-8BA0DA7D06A8}.Release|Any CPU.ActiveCfg = Release|Any CPU
		{A93C3F50-6237-4B3E-9019-8BA0DA7D06A8}.Release|Any CPU.Build.0 = Release|Any CPU
		{A3256271-C695-4E68-BF08-B2C99C1E092B}.Debug|Any CPU.ActiveCfg = Debug|Any CPU
		{A3256271-C695-4E68-BF08-B2C99C1E092B}.Debug|Any CPU.Build.0 = Debug|Any CPU
		{A3256271-C695-4E68-BF08-B2C99C1E092B}.Release|Any CPU.ActiveCfg = Release|Any CPU
		{A3256271-C695-4E68-BF08-B2C99C1E092B}.Release|Any CPU.Build.0 = Release|Any CPU
		{620F0964-63DB-4CB6-A32A-1BB8B335ED6C}.Debug|Any CPU.ActiveCfg = Debug|Any CPU
		{620F0964-63DB-4CB6-A32A-1BB8B335ED6C}.Debug|Any CPU.Build.0 = Debug|Any CPU
		{620F0964-63DB-4CB6-A32A-1BB8B335ED6C}.Release|Any CPU.ActiveCfg = Release|Any CPU
		{620F0964-63DB-4CB6-A32A-1BB8B335ED6C}.Release|Any CPU.Build.0 = Release|Any CPU
		{1B78EF33-478D-464A-B86D-123FB345F814}.Debug|Any CPU.ActiveCfg = Debug|Any CPU
		{1B78EF33-478D-464A-B86D-123FB345F814}.Debug|Any CPU.Build.0 = Debug|Any CPU
		{1B78EF33-478D-464A-B86D-123FB345F814}.Release|Any CPU.ActiveCfg = Release|Any CPU
		{1B78EF33-478D-464A-B86D-123FB345F814}.Release|Any CPU.Build.0 = Release|Any CPU
		{EDB3E27C-EFC2-45E8-947C-00BD81367A79}.Debug|Any CPU.ActiveCfg = Debug|Any CPU
		{EDB3E27C-EFC2-45E8-947C-00BD81367A79}.Debug|Any CPU.Build.0 = Debug|Any CPU
		{EDB3E27C-EFC2-45E8-947C-00BD81367A79}.Release|Any CPU.ActiveCfg = Release|Any CPU
		{EDB3E27C-EFC2-45E8-947C-00BD81367A79}.Release|Any CPU.Build.0 = Release|Any CPU
		{EB6B5FAA-50BD-4D06-97F9-63422AE7A4E0}.Debug|Any CPU.ActiveCfg = Debug|Any CPU
		{EB6B5FAA-50BD-4D06-97F9-63422AE7A4E0}.Debug|Any CPU.Build.0 = Debug|Any CPU
		{EB6B5FAA-50BD-4D06-97F9-63422AE7A4E0}.Release|Any CPU.ActiveCfg = Release|Any CPU
		{EB6B5FAA-50BD-4D06-97F9-63422AE7A4E0}.Release|Any CPU.Build.0 = Release|Any CPU
	EndGlobalSection
	GlobalSection(SolutionProperties) = preSolution
		HideSolutionNode = FALSE
	EndGlobalSection
	GlobalSection(ExtensibilityGlobals) = postSolution
		SolutionGuid = {04C65F78-1531-4BF7-AAED-8702EBE3F669}
	EndGlobalSection
EndGlobal
